# generated by rye
# use `rye lock` or `rye sync` to update this lockfile
#
# last locked with the following flags:
#   pre: false
#   features: []
#   all-features: false

-e file:core/rextlib
-e file:.
-e file:core/common
aiofiles==23.1.0
aiomysql==0.2.0
backoff==2.2.1
cffi==1.15.1
cryptography==41.0.1
frozenlist==1.4.0
ipcs==0.2.0
orjson==3.9.2
psutil==5.9.5
pycparser==2.21
pymysql==1.0.3
websockets==11.0.3
